
Microsoft Visual Studio Solution File, Format Version 12.00
# Visual Studio Version 17
VisualStudioVersion = 17.5.002.0
MinimumVisualStudioVersion = 10.0.40219.1
Project("{9A19103F-16F7-4668-BE54-9A1E7A4F7556}") = "Collection", "Collection.csproj", "{3B072825-239B-4034-9AFC-3FBE270F3043}"
EndProject
Global
	GlobalSection(SolutionConfigurationPlatforms) = preSolution
		Debug|Any CPU = Debug|Any CPU
		Release|Any CPU = Release|Any CPU
	EndGlobalSection
	GlobalSection(ProjectConfigurationPlatforms) = postSolution
		{3B072825-239B-4034-9AFC-3FBE270F3043}.Debug|Any CPU.ActiveCfg = Debug|Any CPU
		{3B072825-239B-4034-9AFC-3FBE270F3043}.Debug|Any CPU.Build.0 = Debug|Any CPU
		{3B072825-239B-4034-9AFC-3FBE270F3043}.Release|Any CPU.ActiveCfg = Release|Any CPU
		{3B072825-239B-4034-9AFC-3FBE270F3043}.Release|Any CPU.Build.0 = Release|Any CPU
	EndGlobalSection
	GlobalSection(SolutionProperties) = preSolution
		HideSolutionNode = FALSE
	EndGlobalSection
	GlobalSection(ExtensibilityGlobals) = postSolution
		SolutionGuid = {37E49056-6EBB-4B23-9E43-B64EA46BA762}
	EndGlobalSection
EndGlobal
